
Microsoft Visual Studio Solution File, Format Version 12.00
# Visual Studio Version 16
VisualStudioVersion = 16.0.32228.343
MinimumVisualStudioVersion = 10.0.40219.1
Project("{FAE04EC0-301F-11D3-BF4B-00C04F79EFBC}") = "pronia", "pronia.csproj", "{D953D45F-07DF-4069-B208-11751AAF751C}"
EndProject
Global
	GlobalSection(SolutionConfigurationPlatforms) = preSolution
		Debug|Any CPU = Debug|Any CPU
		Release|Any CPU = Release|Any CPU
	EndGlobalSection
	GlobalSection(ProjectConfigurationPlatforms) = postSolution
		{D953D45F-07DF-4069-B208-11751AAF751C}.Debug|Any CPU.ActiveCfg = Debug|Any CPU
		{D953D45F-07DF-4069-B208-11751AAF751C}.Debug|Any CPU.Build.0 = Debug|Any CPU
		{D953D45F-07DF-4069-B208-11751AAF751C}.Release|Any CPU.ActiveCfg = Release|Any CPU
		{D953D45F-07DF-4069-B208-11751AAF751C}.Release|Any CPU.Build.0 = Release|Any CPU
	EndGlobalSection
	GlobalSection(SolutionProperties) = preSolution
		HideSolutionNode = FALSE
	EndGlobalSection
	GlobalSection(ExtensibilityGlobals) = postSolution
		SolutionGuid = {7B2CDE5F-B59D-40C1-8639-686CD57FDC39}
	EndGlobalSection
EndGlobal
